
Microsoft Visual Studio Solution File, Format Version 12.00
# Visual Studio Version 17
VisualStudioVersion = 17.9.34728.123
MinimumVisualStudioVersion = 10.0.40219.1
Project("{FAE04EC0-301F-11D3-BF4B-00C04F79EFBC}") = "WebBookShell", "WebBookShell.csproj", "{AEDEC2B8-E975-4B9E-B776-ADC4CB887BFC}"
EndProject
Global
	GlobalSection(SolutionConfigurationPlatforms) = preSolution
		Debug|Any CPU = Debug|Any CPU
		Release|Any CPU = Release|Any CPU
	EndGlobalSection
	GlobalSection(ProjectConfigurationPlatforms) = postSolution
		{AEDEC2B8-E975-4B9E-B776-ADC4CB887BFC}.Debug|Any CPU.ActiveCfg = Debug|Any CPU
		{AEDEC2B8-E975-4B9E-B776-ADC4CB887BFC}.Debug|Any CPU.Build.0 = Debug|Any CPU
		{AEDEC2B8-E975-4B9E-B776-ADC4CB887BFC}.Release|Any CPU.ActiveCfg = Release|Any CPU
		{AEDEC2B8-E975-4B9E-B776-ADC4CB887BFC}.Release|Any CPU.Build.0 = Release|Any CPU
	EndGlobalSection
	GlobalSection(SolutionProperties) = preSolution
		HideSolutionNode = FALSE
	EndGlobalSection
	GlobalSection(ExtensibilityGlobals) = postSolution
		SolutionGuid = {C6693FE8-4723-438A-8C31-046FB4078EA0}
	EndGlobalSection
EndGlobal
